
Microsoft Visual Studio Solution File, Format Version 12.00
# Visual Studio 15
VisualStudioVersion = 15.0.28010.0
MinimumVisualStudioVersion = 10.0.40219.1
Project("{FAE04EC0-301F-11D3-BF4B-00C04F79EFBC}") = "ex_binding.Android", "ex_binding\ex_binding.Android\ex_binding.Android.csproj", "{01396E81-6C38-4944-B5A5-D7448E41E59C}"
EndProject
Project("{FAE04EC0-301F-11D3-BF4B-00C04F79EFBC}") = "ex_binding.iOS", "ex_binding\ex_binding.iOS\ex_binding.iOS.csproj", "{01CDFAD7-4D04-4EE5-9F1D-A0F88C8B874D}"
EndProject
Project("{FAE04EC0-301F-11D3-BF4B-00C04F79EFBC}") = "ex_binding", "ex_binding\ex_binding\ex_binding.csproj", "{C1E29C72-1370-4B6B-9C5B-818A32DAB174}"
EndProject
Global
	GlobalSection(SolutionConfigurationPlatforms) = preSolution
		Ad-Hoc|Any CPU = Ad-Hoc|Any CPU
		Ad-Hoc|iPhone = Ad-Hoc|iPhone
		Ad-Hoc|iPhoneSimulator = Ad-Hoc|iPhoneSimulator
		AppStore|Any CPU = AppStore|Any CPU
		AppStore|iPhone = AppStore|iPhone
		AppStore|iPhoneSimulator = AppStore|iPhoneSimulator
		Debug|Any CPU = Debug|Any CPU
		Debug|iPhone = Debug|iPhone
		Debug|iPhoneSimulator = Debug|iPhoneSimulator
		Release|Any CPU = Release|Any CPU
		Release|iPhone = Release|iPhone
		Release|iPhoneSimulator = Release|iPhoneSimulator
	EndGlobalSection
	GlobalSection(ProjectConfigurationPlatforms) = postSolution
		{01396E81-6C38-4944-B5A5-D7448E41E59C}.Ad-Hoc|Any CPU.ActiveCfg = Release|Any CPU
		{01396E81-6C38-4944-B5A5-D7448E41E59C}.Ad-Hoc|Any CPU.Build.0 = Release|Any CPU
		{01396E81-6C38-4944-B5A5-D7448E41E59C}.Ad-Hoc|Any CPU.Deploy.0 = Release|Any CPU
		{01396E81-6C38-4944-B5A5-D7448E41E59C}.Ad-Hoc|iPhone.ActiveCfg = Release|Any CPU
		{01396E81-6C38-4944-B5A5-D7448E41E59C}.Ad-Hoc|iPhone.Build.0 = Release|Any CPU
		{01396E81-6C38-4944-B5A5-D7448E41E59C}.Ad-Hoc|iPhone.Deploy.0 = Release|Any CPU
		{01396E81-6C38-4944-B5A5-D7448E41E59C}.Ad-Hoc|iPhoneSimulator.ActiveCfg = Release|Any CPU
		{01396E81-6C38-4944-B5A5-D7448E41E59C}.Ad-Hoc|iPhoneSimulator.Build.0 = Release|Any CPU
		{01396E81-6C38-4944-B5A5-D7448E41E59C}.Ad-Hoc|iPhoneSimulator.Deploy.0 = Release|Any CPU
		{01396E81-6C38-4944-B5A5-D7448E41E59C}.AppStore|Any CPU.ActiveCfg = Release|Any CPU
		{01396E81-6C38-4944-B5A5-D7448E41E59C}.AppStore|Any CPU.Build.0 = Release|Any CPU
		{01396E81-6C38-4944-B5A5-D7448E41E59C}.AppStore|Any CPU.Deploy.0 = Release|Any CPU
		{01396E81-6C38-4944-B5A5-D7448E41E59C}.AppStore|iPhone.ActiveCfg = Release|Any CPU
		{01396E81-6C38-4944-B5A5-D7448E41E59C}.AppStore|iPhone.Build.0 = Release|Any CPU
		{01396E81-6C38-4944-B5A5-D7448E41E59C}.AppStore|iPhone.Deploy.0 = Release|Any CPU
		{01396E81-6C38-4944-B5A5-D7448E41E59C}.AppStore|iPhoneSimulator.ActiveCfg = Release|Any CPU
		{01396E81-6C38-4944-B5A5-D7448E41E59C}.AppStore|iPhoneSimulator.Build.0 = Release|Any CPU
		{01396E81-6C38-4944-B5A5-D7448E41E59C}.AppStore|iPhoneSimulator.Deploy.0 = Release|Any CPU
		{01396E81-6C38-4944-B5A5-D7448E41E59C}.Debug|Any CPU.ActiveCfg = Debug|Any CPU
		{01396E81-6C38-4944-B5A5-D7448E41E59C}.Debug|Any CPU.Build.0 = Debug|Any CPU
		{01396E81-6C38-4944-B5A5-D7448E41E59C}.Debug|Any CPU.Deploy.0 = Debug|Any CPU
		{01396E81-6C38-4944-B5A5-D7448E41E59C}.Debug|iPhone.ActiveCfg = Debug|Any CPU
		{01396E81-6C38-4944-B5A5-D7448E41E59C}.Debug|iPhone.Build.0 = Debug|Any CPU
		{01396E81-6C38-4944-B5A5-D7448E41E59C}.Debug|iPhone.Deploy.0 = Debug|Any CPU
		{01396E81-6C38-4944-B5A5-D7448E41E59C}.Debug|iPhoneSimulator.ActiveCfg = Debug|Any CPU
		{01396E81-6C38-4944-B5A5-D7448E41E59C}.Debug|iPhoneSimulator.Build.0 = Debug|Any CPU
		{01396E81-6C38-4944-B5A5-D7448E41E59C}.Debug|iPhoneSimulator.Deploy.0 = Debug|Any CPU
		{01396E81-6C38-4944-B5A5-D7448E41E59C}.Release|Any CPU.ActiveCfg = Release|Any CPU
		{01396E81-6C38-4944-B5A5-D7448E41E59C}.Release|Any CPU.Build.0 = Release|Any CPU
		{01396E81-6C38-4944-B5A5-D7448E41E59C}.Release|Any CPU.Deploy.0 = Release|Any CPU
		{01396E81-6C38-4944-B5A5-D7448E41E59C}.Release|iPhone.ActiveCfg = Release|Any CPU
		{01396E81-6C38-4944-B5A5-D7448E41E59C}.Release|iPhone.Build.0 = Release|Any CPU
		{01396E81-6C38-4944-B5A5-D7448E41E59C}.Release|iPhone.Deploy.0 = Release|Any CPU
		{01396E81-6C38-4944-B5A5-D7448E41E59C}.Release|iPhoneSimulator.ActiveCfg = Release|Any CPU
		{01396E81-6C38-4944-B5A5-D7448E41E59C}.Release|iPhoneSimulator.Build.0 = Release|Any CPU
		{01396E81-6C38-4944-B5A5-D7448E41E59C}.Release|iPhoneSimulator.Deploy.0 = Release|Any CPU
		{01CDFAD7-4D04-4EE5-9F1D-A0F88C8B874D}.Ad-Hoc|Any CPU.ActiveCfg = Ad-Hoc|iPhone
		{01CDFAD7-4D04-4EE5-9F1D-A0F88C8B874D}.Ad-Hoc|Any CPU.Build.0 = Ad-Hoc|iPhone
		{01CDFAD7-4D04-4EE5-9F1D-A0F88C8B874D}.Ad-Hoc|Any CPU.Deploy.0 = Ad-Hoc|iPhone
		{01CDFAD7-4D04-4EE5-9F1D-A0F88C8B874D}.Ad-Hoc|iPhone.ActiveCfg = Ad-Hoc|iPhone
		{01CDFAD7-4D04-4EE5-9F1D-A0F88C8B874D}.Ad-Hoc|iPhone.Build.0 = Ad-Hoc|iPhone
		{01CDFAD7-4D04-4EE5-9F1D-A0F88C8B874D}.Ad-Hoc|iPhone.Deploy.0 = Ad-Hoc|iPhone
		{01CDFAD7-4D04-4EE5-9F1D-A0F88C8B874D}.Ad-Hoc|iPhoneSimulator.ActiveCfg = Ad-Hoc|iPhoneSimulator
		{01CDFAD7-4D04-4EE5-9F1D-A0F88C8B874D}.Ad-Hoc|iPhoneSimulator.Build.0 = Ad-Hoc|iPhoneSimulator
		{01CDFAD7-4D04-4EE5-9F1D-A0F88C8B874D}.Ad-Hoc|iPhoneSimulator.Deploy.0 = Ad-Hoc|iPhoneSimulator
		{01CDFAD7-4D04-4EE5-9F1D-A0F88C8B874D}.AppStore|Any CPU.ActiveCfg = AppStore|iPhone
		{01CDFAD7-4D04-4EE5-9F1D-A0F88C8B874D}.AppStore|Any CPU.Build.0 = AppStore|iPhone
		{01CDFAD7-4D04-4EE5-9F1D-A0F88C8B874D}.AppStore|Any CPU.Deploy.0 = AppStore|iPhone
		{01CDFAD7-4D04-4EE5-9F1D-A0F88C8B874D}.AppStore|iPhone.ActiveCfg = AppStore|iPhone
		{01CDFAD7-4D04-4EE5-9F1D-A0F88C8B874D}.AppStore|iPhone.Build.0 = AppStore|iPhone
		{01CDFAD7-4D04-4EE5-9F1D-A0F88C8B874D}.AppStore|iPhone.Deploy.0 = AppStore|iPhone
		{01CDFAD7-4D04-4EE5-9F1D-A0F88C8B874D}.AppStore|iPhoneSimulator.ActiveCfg = AppStore|iPhoneSimulator
		{01CDFAD7-4D04-4EE5-9F1D-A0F88C8B874D}.AppStore|iPhoneSimulator.Build.0 = AppStore|iPhoneSimulator
		{01CDFAD7-4D04-4EE5-9F1D-A0F88C8B874D}.AppStore|iPhoneSimulator.Deploy.0 = AppStore|iPhoneSimulator
		{01CDFAD7-4D04-4EE5-9F1D-A0F88C8B874D}.Debug|Any CPU.ActiveCfg = Debug|iPhone
		{01CDFAD7-4D04-4EE5-9F1D-A0F88C8B874D}.Debug|Any CPU.Build.0 = Debug|iPhone
		{01CDFAD7-4D04-4EE5-9F1D-A0F88C8B874D}.Debug|Any CPU.Deploy.0 = Debug|iPhone
		{01CDFAD7-4D04-4EE5-9F1D-A0F88C8B874D}.Debug|iPhone.ActiveCfg = Debug|iPhone
		{01CDFAD7-4D04-4EE5-9F1D-A0F88C8B874D}.Debug|iPhone.Build.0 = Debug|iPhone
		{01CDFAD7-4D04-4EE5-9F1D-A0F88C8B874D}.Debug|iPhone.Deploy.0 = Debug|iPhone
		{01CDFAD7-4D04-4EE5-9F1D-A0F88C8B874D}.Debug|iPhoneSimulator.ActiveCfg = Debug|iPhoneSimulator
		{01CDFAD7-4D04-4EE5-9F1D-A0F88C8B874D}.Debug|iPhoneSimulator.Build.0 = Debug|iPhoneSimulator
		{01CDFAD7-4D04-4EE5-9F1D-A0F88C8B874D}.Debug|iPhoneSimulator.Deploy.0 = Debug|iPhoneSimulator
		{01CDFAD7-4D04-4EE5-9F1D-A0F88C8B874D}.Release|Any CPU.ActiveCfg = Release|iPhone
		{01CDFAD7-4D04-4EE5-9F1D-A0F88C8B874D}.Release|Any CPU.Build.0 = Release|iPhone
		{01CDFAD7-4D04-4EE5-9F1D-A0F88C8B874D}.Release|Any CPU.Deploy.0 = Release|iPhone
		{01CDFAD7-4D04-4EE5-9F1D-A0F88C8B874D}.Release|iPhone.ActiveCfg = Release|iPhone
		{01CDFAD7-4D04-4EE5-9F1D-A0F88C8B874D}.Release|iPhone.Build.0 = Release|iPhone
		{01CDFAD7-4D04-4EE5-9F1D-A0F88C8B874D}.Release|iPhone.Deploy.0 = Release|iPhone
		{01CDFAD7-4D04-4EE5-9F1D-A0F88C8B874D}.Release|iPhoneSimulator.ActiveCfg = Release|iPhoneSimulator
		{01CDFAD7-4D04-4EE5-9F1D-A0F88C8B874D}.Release|iPhoneSimulator.Build.0 = Release|iPhoneSimulator
		{01CDFAD7-4D04-4EE5-9F1D-A0F88C8B874D}.Release|iPhoneSimulator.Deploy.0 = Release|iPhoneSimulator
		{C1E29C72-1370-4B6B-9C5B-818A32DAB174}.Ad-Hoc|Any CPU.ActiveCfg = Debug|Any CPU
		{C1E29C72-1370-4B6B-9C5B-818A32DAB174}.Ad-Hoc|Any CPU.Build.0 = Debug|Any CPU
		{C1E29C72-1370-4B6B-9C5B-818A32DAB174}.Ad-Hoc|Any CPU.Deploy.0 = Debug|Any CPU
		{C1E29C72-1370-4B6B-9C5B-818A32DAB174}.Ad-Hoc|iPhone.ActiveCfg = Debug|Any CPU
		{C1E29C72-1370-4B6B-9C5B-818A32DAB174}.Ad-Hoc|iPhone.Build.0 = Debug|Any CPU
		{C1E29C72-1370-4B6B-9C5B-818A32DAB174}.Ad-Hoc|iPhone.Deploy.0 = Debug|Any CPU
		{C1E29C72-1370-4B6B-9C5B-818A32DAB174}.Ad-Hoc|iPhoneSimulator.ActiveCfg = Debug|Any CPU
		{C1E29C72-1370-4B6B-9C5B-818A32DAB174}.Ad-Hoc|iPhoneSimulator.Build.0 = Debug|Any CPU
		{C1E29C72-1370-4B6B-9C5B-818A32DAB174}.Ad-Hoc|iPhoneSimulator.Deploy.0 = Debug|Any CPU
		{C1E29C72-1370-4B6B-9C5B-818A32DAB174}.AppStore|Any CPU.ActiveCfg = Debug|Any CPU
		{C1E29C72-1370-4B6B-9C5B-818A32DAB174}.AppStore|Any CPU.Build.0 = Debug|Any CPU
		{C1E29C72-1370-4B6B-9C5B-818A32DAB174}.AppStore|Any CPU.Deploy.0 = Debug|Any CPU
		{C1E29C72-1370-4B6B-9C5B-818A32DAB174}.AppStore|iPhone.ActiveCfg = Debug|Any CPU
		{C1E29C72-1370-4B6B-9C5B-818A32DAB174}.AppStore|iPhone.Build.0 = Debug|Any CPU
		{C1E29C72-1370-4B6B-9C5B-818A32DAB174}.AppStore|iPhone.Deploy.0 = Debug|Any CPU
		{C1E29C72-1370-4B6B-9C5B-818A32DAB174}.AppStore|iPhoneSimulator.ActiveCfg = Debug|Any CPU
		{C1E29C72-1370-4B6B-9C5B-818A32DAB174}.AppStore|iPhoneSimulator.Build.0 = Debug|Any CPU
		{C1E29C72-1370-4B6B-9C5B-818A32DAB174}.AppStore|iPhoneSimulator.Deploy.0 = Debug|Any CPU
		{C1E29C72-1370-4B6B-9C5B-818A32DAB174}.Debug|Any CPU.ActiveCfg = Debug|Any CPU
		{C1E29C72-1370-4B6B-9C5B-818A32DAB174}.Debug|Any CPU.Build.0 = Debug|Any CPU
		{C1E29C72-1370-4B6B-9C5B-818A32DAB174}.Debug|Any CPU.Deploy.0 = Debug|Any CPU
		{C1E29C72-1370-4B6B-9C5B-818A32DAB174}.Debug|iPhone.ActiveCfg = Debug|Any CPU
		{C1E29C72-1370-4B6B-9C5B-818A32DAB174}.Debug|iPhone.Build.0 = Debug|Any CPU
		{C1E29C72-1370-4B6B-9C5B-818A32DAB174}.Debug|iPhone.Deploy.0 = Debug|Any CPU
		{C1E29C72-1370-4B6B-9C5B-818A32DAB174}.Debug|iPhoneSimulator.ActiveCfg = Debug|Any CPU
		{C1E29C72-1370-4B6B-9C5B-818A32DAB174}.Debug|iPhoneSimulator.Build.0 = Debug|Any CPU
		{C1E29C72-1370-4B6B-9C5B-818A32DAB174}.Debug|iPhoneSimulator.Deploy.0 = Debug|Any CPU
		{C1E29C72-1370-4B6B-9C5B-818A32DAB174}.Release|Any CPU.ActiveCfg = Release|Any CPU
		{C1E29C72-1370-4B6B-9C5B-818A32DAB174}.Release|Any CPU.Build.0 = Release|Any CPU
		{C1E29C72-1370-4B6B-9C5B-818A32DAB174}.Release|Any CPU.Deploy.0 = Release|Any CPU
		{C1E29C72-1370-4B6B-9C5B-818A32DAB174}.Release|iPhone.ActiveCfg = Release|Any CPU
		{C1E29C72-1370-4B6B-9C5B-818A32DAB174}.Release|iPhone.Build.0 = Release|Any CPU
		{C1E29C72-1370-4B6B-9C5B-818A32DAB174}.Release|iPhone.Deploy.0 = Release|Any CPU
		{C1E29C72-1370-4B6B-9C5B-818A32DAB174}.Release|iPhoneSimulator.ActiveCfg = Release|Any CPU
		{C1E29C72-1370-4B6B-9C5B-818A32DAB174}.Release|iPhoneSimulator.Build.0 = Release|Any CPU
		{C1E29C72-1370-4B6B-9C5B-818A32DAB174}.Release|iPhoneSimulator.Deploy.0 = Release|Any CPU
	EndGlobalSection
	GlobalSection(SolutionProperties) = preSolution
		HideSolutionNode = FALSE
	EndGlobalSection
	GlobalSection(ExtensibilityGlobals) = postSolution
		SolutionGuid = {EAE29984-0072-4E92-A028-5D5D4645DBC5}
	EndGlobalSection
EndGlobal
